// !$*UTF8*$!
{
	archiveVersion = 1;
	classes = {
	};
	objectVersion = 52;
	objects = {

/* Begin PBXBuildFile section */
		FB2F820427846B0F0097788D /* AppDelegate.swift in Sources */ = {isa = PBXBuildFile; fileRef = FB2F820327846B0F0097788D /* AppDelegate.swift */; };
		FB2F820627846B0F0097788D /* SceneDelegate.swift in Sources */ = {isa = PBXBuildFile; fileRef = FB2F820527846B0F0097788D /* SceneDelegate.swift */; };
		FB2F820D27846B140097788D /* Assets.xcassets in Resources */ = {isa = PBXBuildFile; fileRef = FB2F820C27846B140097788D /* Assets.xcassets */; };
		FB2F821027846B140097788D /* LaunchScreen.storyboard in Resources */ = {isa = PBXBuildFile; fileRef = FB2F820E27846B140097788D /* LaunchScreen.storyboard */; };
		FB2F821927846B710097788D /* RxSwift in Frameworks */ = {isa = PBXBuildFile; productRef = FB2F821827846B710097788D /* RxSwift */; };
		FB2F821B27846B710097788D /* RxCocoa in Frameworks */ = {isa = PBXBuildFile; productRef = FB2F821A27846B710097788D /* RxCocoa */; };
		FB2F821D27846B710097788D /* RxRelay in Frameworks */ = {isa = PBXBuildFile; productRef = FB2F821C27846B710097788D /* RxRelay */; };
		FB2F822027846B9A0097788D /* Kingfisher in Frameworks */ = {isa = PBXBuildFile; productRef = FB2F821F27846B9A0097788D /* Kingfisher */; };
		FB2F822327846BB60097788D /* SnapKit in Frameworks */ = {isa = PBXBuildFile; productRef = FB2F822227846BB60097788D /* SnapKit */; };
		FB2F822527846C810097788D /* MainViewController.swift in Sources */ = {isa = PBXBuildFile; fileRef = FB2F822427846C810097788D /* MainViewController.swift */; };
		FB2F822727846DBE0097788D /* SearchBar.swift in Sources */ = {isa = PBXBuildFile; fileRef = FB2F822627846DBE0097788D /* SearchBar.swift */; };
		FB2F8229278472050097788D /* filterView.swift in Sources */ = {isa = PBXBuildFile; fileRef = FB2F8228278472050097788D /* filterView.swift */; };
		FB2F822B278474660097788D /* BlogList.swift in Sources */ = {isa = PBXBuildFile; fileRef = FB2F822A278474660097788D /* BlogList.swift */; };
		FB2F822D278474700097788D /* BlogListCell.swift in Sources */ = {isa = PBXBuildFile; fileRef = FB2F822C278474700097788D /* BlogListCell.swift */; };
		FB2F822F2784748D0097788D /* BlogListCellData.swift in Sources */ = {isa = PBXBuildFile; fileRef = FB2F822E2784748D0097788D /* BlogListCellData.swift */; };
		FB2F823327847CC00097788D /* AlertActionConvertible.swift in Sources */ = {isa = PBXBuildFile; fileRef = FB2F823227847CC00097788D /* AlertActionConvertible.swift */; };
		FB2F82352786C7350097788D /* DKBlog.swift in Sources */ = {isa = PBXBuildFile; fileRef = FB2F82342786C7350097788D /* DKBlog.swift */; };
		FB2F82372786CDF40097788D /* SearchBlogAPI.swift in Sources */ = {isa = PBXBuildFile; fileRef = FB2F82362786CDF40097788D /* SearchBlogAPI.swift */; };
		FB2F823A2786CF070097788D /* SearchBlogNetwork.swift in Sources */ = {isa = PBXBuildFile; fileRef = FB2F82392786CF070097788D /* SearchBlogNetwork.swift */; };
/* End PBXBuildFile section */

/* Begin PBXFileReference section */
		FB2F820027846B0F0097788D /* CafeBlogSearchApp.app */ = {isa = PBXFileReference; explicitFileType = wrapper.application; includeInIndex = 0; path = CafeBlogSearchApp.app; sourceTree = BUILT_PRODUCTS_DIR; };
		FB2F820327846B0F0097788D /* AppDelegate.swift */ = {isa = PBXFileReference; lastKnownFileType = sourcecode.swift; path = AppDelegate.swift; sourceTree = "<group>"; };
		FB2F820527846B0F0097788D /* SceneDelegate.swift */ = {isa = PBXFileReference; lastKnownFileType = sourcecode.swift; path = SceneDelegate.swift; sourceTree = "<group>"; };
		FB2F820C27846B140097788D /* Assets.xcassets */ = {isa = PBXFileReference; lastKnownFileType = folder.assetcatalog; path = Assets.xcassets; sourceTree = "<group>"; };
		FB2F820F27846B140097788D /* Base */ = {isa = PBXFileReference; lastKnownFileType = file.storyboard; name = Base; path = Base.lproj/LaunchScreen.storyboard; sourceTree = "<group>"; };
		FB2F821127846B140097788D /* Info.plist */ = {isa = PBXFileReference; lastKnownFileType = text.plist.xml; path = Info.plist; sourceTree = "<group>"; };
		FB2F822427846C810097788D /* MainViewController.swift */ = {isa = PBXFileReference; lastKnownFileType = sourcecode.swift; path = MainViewController.swift; sourceTree = "<group>"; };
		FB2F822627846DBE0097788D /* SearchBar.swift */ = {isa = PBXFileReference; lastKnownFileType = sourcecode.swift; path = SearchBar.swift; sourceTree = "<group>"; };
		FB2F8228278472050097788D /* filterView.swift */ = {isa = PBXFileReference; lastKnownFileType = sourcecode.swift; path = filterView.swift; sourceTree = "<group>"; };
		FB2F822A278474660097788D /* BlogList.swift */ = {isa = PBXFileReference; lastKnownFileType = sourcecode.swift; path = BlogList.swift; sourceTree = "<group>"; };
		FB2F822C278474700097788D /* BlogListCell.swift */ = {isa = PBXFileReference; lastKnownFileType = sourcecode.swift; path = BlogListCell.swift; sourceTree = "<group>"; };
		FB2F822E2784748D0097788D /* BlogListCellData.swift */ = {isa = PBXFileReference; lastKnownFileType = sourcecode.swift; path = BlogListCellData.swift; sourceTree = "<group>"; };
		FB2F823227847CC00097788D /* AlertActionConvertible.swift */ = {isa = PBXFileReference; lastKnownFileType = sourcecode.swift; path = AlertActionConvertible.swift; sourceTree = "<group>"; };
		FB2F82342786C7350097788D /* DKBlog.swift */ = {isa = PBXFileReference; lastKnownFileType = sourcecode.swift; path = DKBlog.swift; sourceTree = "<group>"; };
		FB2F82362786CDF40097788D /* SearchBlogAPI.swift */ = {isa = PBXFileReference; lastKnownFileType = sourcecode.swift; path = SearchBlogAPI.swift; sourceTree = "<group>"; };
		FB2F82392786CF070097788D /* SearchBlogNetwork.swift */ = {isa = PBXFileReference; lastKnownFileType = sourcecode.swift; path = SearchBlogNetwork.swift; sourceTree = "<group>"; };
/* End PBXFileReference section */

/* Begin PBXFrameworksBuildPhase section */
		FB2F81FD27846B0F0097788D /* Frameworks */ = {
			isa = PBXFrameworksBuildPhase;
			buildActionMask = 2147483647;
			files = (
				FB2F822027846B9A0097788D /* Kingfisher in Frameworks */,
				FB2F821D27846B710097788D /* RxRelay in Frameworks */,
				FB2F821B27846B710097788D /* RxCocoa in Frameworks */,
				FB2F821927846B710097788D /* RxSwift in Frameworks */,
				FB2F822327846BB60097788D /* SnapKit in Frameworks */,
			);
			runOnlyForDeploymentPostprocessing = 0;
		};
/* End PBXFrameworksBuildPhase section */

/* Begin PBXGroup section */
		FB2F81F727846B0F0097788D = {
			isa = PBXGroup;
			children = (
				FB2F820227846B0F0097788D /* CafeBlogSearchApp */,
				FB2F820127846B0F0097788D /* Products */,
			);
			sourceTree = "<group>";
		};
		FB2F820127846B0F0097788D /* Products */ = {
			isa = PBXGroup;
			children = (
				FB2F820027846B0F0097788D /* CafeBlogSearchApp.app */,
			);
			name = Products;
			sourceTree = "<group>";
		};
		FB2F820227846B0F0097788D /* CafeBlogSearchApp */ = {
			isa = PBXGroup;
			children = (
				FB2F820327846B0F0097788D /* AppDelegate.swift */,
				FB2F820527846B0F0097788D /* SceneDelegate.swift */,
				FB2F8230278474960097788D /* Presentation */,
				FB2F8231278474D00097788D /* Entities */,
				FB2F820C27846B140097788D /* Assets.xcassets */,
				FB2F820E27846B140097788D /* LaunchScreen.storyboard */,
				FB2F821127846B140097788D /* Info.plist */,
			);
			path = CafeBlogSearchApp;
			sourceTree = "<group>";
		};
		FB2F8230278474960097788D /* Presentation */ = {
			isa = PBXGroup;
			children = (
				FB2F822427846C810097788D /* MainViewController.swift */,
				FB2F822627846DBE0097788D /* SearchBar.swift */,
				FB2F8228278472050097788D /* filterView.swift */,
				FB2F822A278474660097788D /* BlogList.swift */,
				FB2F822C278474700097788D /* BlogListCell.swift */,
				FB2F82382786CDFA0097788D /* Network */,
			);
			path = Presentation;
			sourceTree = "<group>";
		};
		FB2F8231278474D00097788D /* Entities */ = {
			isa = PBXGroup;
			children = (
				FB2F822E2784748D0097788D /* BlogListCellData.swift */,
				FB2F823227847CC00097788D /* AlertActionConvertible.swift */,
				FB2F82342786C7350097788D /* DKBlog.swift */,
			);
			path = Entities;
			sourceTree = "<group>";
		};
		FB2F82382786CDFA0097788D /* Network */ = {
			isa = PBXGroup;
			children = (
				FB2F82362786CDF40097788D /* SearchBlogAPI.swift */,
				FB2F82392786CF070097788D /* SearchBlogNetwork.swift */,
			);
			path = Network;
			sourceTree = "<group>";
		};
/* End PBXGroup section */

/* Begin PBXNativeTarget section */
		FB2F81FF27846B0F0097788D /* CafeBlogSearchApp */ = {
			isa = PBXNativeTarget;
			buildConfigurationList = FB2F821427846B140097788D /* Build configuration list for PBXNativeTarget "CafeBlogSearchApp" */;
			buildPhases = (
				FB2F81FC27846B0F0097788D /* Sources */,
				FB2F81FD27846B0F0097788D /* Frameworks */,
				FB2F81FE27846B0F0097788D /* Resources */,
			);
			buildRules = (
			);
			dependencies = (
			);
			name = CafeBlogSearchApp;
			packageProductDependencies = (
				FB2F821827846B710097788D /* RxSwift */,
				FB2F821A27846B710097788D /* RxCocoa */,
				FB2F821C27846B710097788D /* RxRelay */,
				FB2F821F27846B9A0097788D /* Kingfisher */,
				FB2F822227846BB60097788D /* SnapKit */,
			);
			productName = CafeBlogSearchApp;
			productReference = FB2F820027846B0F0097788D /* CafeBlogSearchApp.app */;
			productType = "com.apple.product-type.application";
		};
/* End PBXNativeTarget section */

/* Begin PBXProject section */
		FB2F81F827846B0F0097788D /* Project object */ = {
			isa = PBXProject;
			attributes = {
				LastSwiftUpdateCheck = 1250;
				LastUpgradeCheck = 1250;
				TargetAttributes = {
					FB2F81FF27846B0F0097788D = {
						CreatedOnToolsVersion = 12.5.1;
					};
				};
			};
			buildConfigurationList = FB2F81FB27846B0F0097788D /* Build configuration list for PBXProject "CafeBlogSearchApp" */;
			compatibilityVersion = "Xcode 9.3";
			developmentRegion = en;
			hasScannedForEncodings = 0;
			knownRegions = (
				en,
				Base,
			);
			mainGroup = FB2F81F727846B0F0097788D;
			packageReferences = (
				FB2F821727846B710097788D /* XCRemoteSwiftPackageReference "RxSwift" */,
				FB2F821E27846B9A0097788D /* XCRemoteSwiftPackageReference "Kingfisher" */,
				FB2F822127846BB60097788D /* XCRemoteSwiftPackageReference "snapkit" */,
			);
			productRefGroup = FB2F820127846B0F0097788D /* Products */;
			projectDirPath = "";
			projectRoot = "";
			targets = (
				FB2F81FF27846B0F0097788D /* CafeBlogSearchApp */,
			);
		};
/* End PBXProject section */

/* Begin PBXResourcesBuildPhase section */
		FB2F81FE27846B0F0097788D /* Resources */ = {
			isa = PBXResourcesBuildPhase;
			buildActionMask = 2147483647;
			files = (
				FB2F821027846B140097788D /* LaunchScreen.storyboard in Resources */,
				FB2F820D27846B140097788D /* Assets.xcassets in Resources */,
			);
			runOnlyForDeploymentPostprocessing = 0;
		};
/* End PBXResourcesBuildPhase section */

/* Begin PBXSourcesBuildPhase section */
		FB2F81FC27846B0F0097788D /* Sources */ = {
			isa = PBXSourcesBuildPhase;
			buildActionMask = 2147483647;
			files = (
				FB2F822527846C810097788D /* MainViewController.swift in Sources */,
				FB2F822D278474700097788D /* BlogListCell.swift in Sources */,
				FB2F82352786C7350097788D /* DKBlog.swift in Sources */,
				FB2F822B278474660097788D /* BlogList.swift in Sources */,
				FB2F82372786CDF40097788D /* SearchBlogAPI.swift in Sources */,
				FB2F822727846DBE0097788D /* SearchBar.swift in Sources */,
				FB2F820427846B0F0097788D /* AppDelegate.swift in Sources */,
				FB2F8229278472050097788D /* filterView.swift in Sources */,
				FB2F820627846B0F0097788D /* SceneDelegate.swift in Sources */,
				FB2F822F2784748D0097788D /* BlogListCellData.swift in Sources */,
				FB2F823A2786CF070097788D /* SearchBlogNetwork.swift in Sources */,
				FB2F823327847CC00097788D /* AlertActionConvertible.swift in Sources */,
			);
			runOnlyForDeploymentPostprocessing = 0;
		};
/* End PBXSourcesBuildPhase section */

/* Begin PBXVariantGroup section */
		FB2F820E27846B140097788D /* LaunchScreen.storyboard */ = {
			isa = PBXVariantGroup;
			children = (
				FB2F820F27846B140097788D /* Base */,
			);
			name = LaunchScreen.storyboard;
			sourceTree = "<group>";
		};
/* End PBXVariantGroup section */

/* Begin XCBuildConfiguration section */
		FB2F821227846B140097788D /* Debug */ = {
			isa = XCBuildConfiguration;
			buildSettings = {
				ALWAYS_SEARCH_USER_PATHS = NO;
				CLANG_ANALYZER_NONNULL = YES;
				CLANG_ANALYZER_NUMBER_OBJECT_CONVERSION = YES_AGGRESSIVE;
				CLANG_CXX_LANGUAGE_STANDARD = "gnu++14";
				CLANG_CXX_LIBRARY = "libc++";
				CLANG_ENABLE_MODULES = YES;
				CLANG_ENABLE_OBJC_ARC = YES;
				CLANG_ENABLE_OBJC_WEAK = YES;
				CLANG_WARN_BLOCK_CAPTURE_AUTORELEASING = YES;
				CLANG_WARN_BOOL_CONVERSION = YES;
				CLANG_WARN_COMMA = YES;
				CLANG_WARN_CONSTANT_CONVERSION = YES;
				CLANG_WARN_DEPRECATED_OBJC_IMPLEMENTATIONS = YES;
				CLANG_WARN_DIRECT_OBJC_ISA_USAGE = YES_ERROR;
				CLANG_WARN_DOCUMENTATION_COMMENTS = YES;
				CLANG_WARN_EMPTY_BODY = YES;
				CLANG_WARN_ENUM_CONVERSION = YES;
				CLANG_WARN_INFINITE_RECURSION = YES;
				CLANG_WARN_INT_CONVERSION = YES;
				CLANG_WARN_NON_LITERAL_NULL_CONVERSION = YES;
				CLANG_WARN_OBJC_IMPLICIT_RETAIN_SELF = YES;
				CLANG_WARN_OBJC_LITERAL_CONVERSION = YES;
				CLANG_WARN_OBJC_ROOT_CLASS = YES_ERROR;
				CLANG_WARN_QUOTED_INCLUDE_IN_FRAMEWORK_HEADER = YES;
				CLANG_WARN_RANGE_LOOP_ANALYSIS = YES;
				CLANG_WARN_STRICT_PROTOTYPES = YES;
				CLANG_WARN_SUSPICIOUS_MOVE = YES;
				CLANG_WARN_UNGUARDED_AVAILABILITY = YES_AGGRESSIVE;
				CLANG_WARN_UNREACHABLE_CODE = YES;
				CLANG_WARN__DUPLICATE_METHOD_MATCH = YES;
				COPY_PHASE_STRIP = NO;
				DEBUG_INFORMATION_FORMAT = dwarf;
				ENABLE_STRICT_OBJC_MSGSEND = YES;
				ENABLE_TESTABILITY = YES;
				GCC_C_LANGUAGE_STANDARD = gnu11;
				GCC_DYNAMIC_NO_PIC = NO;
				GCC_NO_COMMON_BLOCKS = YES;
				GCC_OPTIMIZATION_LEVEL = 0;
				GCC_PREPROCESSOR_DEFINITIONS = (
					"DEBUG=1",
					"$(inherited)",
				);
				GCC_WARN_64_TO_32_BIT_CONVERSION = YES;
				GCC_WARN_ABOUT_RETURN_TYPE = YES_ERROR;
				GCC_WARN_UNDECLARED_SELECTOR = YES;
				GCC_WARN_UNINITIALIZED_AUTOS = YES_AGGRESSIVE;
				GCC_WARN_UNUSED_FUNCTION = YES;
				GCC_WARN_UNUSED_VARIABLE = YES;
				IPHONEOS_DEPLOYMENT_TARGET = 14.5;
				MTL_ENABLE_DEBUG_INFO = INCLUDE_SOURCE;
				MTL_FAST_MATH = YES;
				ONLY_ACTIVE_ARCH = YES;
				SDKROOT = iphoneos;
				SWIFT_ACTIVE_COMPILATION_CONDITIONS = DEBUG;
				SWIFT_OPTIMIZATION_LEVEL = "-Onone";
			};
			name = Debug;
		};
		FB2F821327846B140097788D /* Release */ = {
			isa = XCBuildConfiguration;
			buildSettings = {
				ALWAYS_SEARCH_USER_PATHS = NO;
				CLANG_ANALYZER_NONNULL = YES;
				CLANG_ANALYZER_NUMBER_OBJECT_CONVERSION = YES_AGGRESSIVE;
				CLANG_CXX_LANGUAGE_STANDARD = "gnu++14";
				CLANG_CXX_LIBRARY = "libc++";
				CLANG_ENABLE_MODULES = YES;
				CLANG_ENABLE_OBJC_ARC = YES;
				CLANG_ENABLE_OBJC_WEAK = YES;
				CLANG_WARN_BLOCK_CAPTURE_AUTORELEASING = YES;
				CLANG_WARN_BOOL_CONVERSION = YES;
				CLANG_WARN_COMMA = YES;
				CLANG_WARN_CONSTANT_CONVERSION = YES;
				CLANG_WARN_DEPRECATED_OBJC_IMPLEMENTATIONS = YES;
				CLANG_WARN_DIRECT_OBJC_ISA_USAGE = YES_ERROR;
				CLANG_WARN_DOCUMENTATION_COMMENTS = YES;
				CLANG_WARN_EMPTY_BODY = YES;
				CLANG_WARN_ENUM_CONVERSION = YES;
				CLANG_WARN_INFINITE_RECURSION = YES;
				CLANG_WARN_INT_CONVERSION = YES;
				CLANG_WARN_NON_LITERAL_NULL_CONVERSION = YES;
				CLANG_WARN_OBJC_IMPLICIT_RETAIN_SELF = YES;
				CLANG_WARN_OBJC_LITERAL_CONVERSION = YES;
				CLANG_WARN_OBJC_ROOT_CLASS = YES_ERROR;
				CLANG_WARN_QUOTED_INCLUDE_IN_FRAMEWORK_HEADER = YES;
				CLANG_WARN_RANGE_LOOP_ANALYSIS = YES;
				CLANG_WARN_STRICT_PROTOTYPES = YES;
				CLANG_WARN_SUSPICIOUS_MOVE = YES;
				CLANG_WARN_UNGUARDED_AVAILABILITY = YES_AGGRESSIVE;
				CLANG_WARN_UNREACHABLE_CODE = YES;
				CLANG_WARN__DUPLICATE_METHOD_MATCH = YES;
				COPY_PHASE_STRIP = NO;
				DEBUG_INFORMATION_FORMAT = "dwarf-with-dsym";
				ENABLE_NS_ASSERTIONS = NO;
				ENABLE_STRICT_OBJC_MSGSEND = YES;
				GCC_C_LANGUAGE_STANDARD = gnu11;
				GCC_NO_COMMON_BLOCKS = YES;
				GCC_WARN_64_TO_32_BIT_CONVERSION = YES;
				GCC_WARN_ABOUT_RETURN_TYPE = YES_ERROR;
				GCC_WARN_UNDECLARED_SELECTOR = YES;
				GCC_WARN_UNINITIALIZED_AUTOS = YES_AGGRESSIVE;
				GCC_WARN_UNUSED_FUNCTION = YES;
				GCC_WARN_UNUSED_VARIABLE = YES;
				IPHONEOS_DEPLOYMENT_TARGET = 14.5;
				MTL_ENABLE_DEBUG_INFO = NO;
				MTL_FAST_MATH = YES;
				SDKROOT = iphoneos;
				SWIFT_COMPILATION_MODE = wholemodule;
				SWIFT_OPTIMIZATION_LEVEL = "-O";
				VALIDATE_PRODUCT = YES;
			};
			name = Release;
		};
		FB2F821527846B140097788D /* Debug */ = {
			isa = XCBuildConfiguration;
			buildSettings = {
				ASSETCATALOG_COMPILER_APPICON_NAME = AppIcon;
				ASSETCATALOG_COMPILER_GLOBAL_ACCENT_COLOR_NAME = AccentColor;
				CODE_SIGN_STYLE = Automatic;
				DEVELOPMENT_TEAM = YHNY62HKYP;
				INFOPLIST_FILE = CafeBlogSearchApp/Info.plist;
				LD_RUNPATH_SEARCH_PATHS = (
					"$(inherited)",
					"@executable_path/Frameworks",
				);
				PRODUCT_BUNDLE_IDENTIFIER = "Keem-ym.CafeBlogSearchApp";
				PRODUCT_NAME = "$(TARGET_NAME)";
				SWIFT_VERSION = 5.0;
				TARGETED_DEVICE_FAMILY = "1,2";
			};
			name = Debug;
		};
		FB2F821627846B140097788D /* Release */ = {
			isa = XCBuildConfiguration;
			buildSettings = {
				ASSETCATALOG_COMPILER_APPICON_NAME = AppIcon;
				ASSETCATALOG_COMPILER_GLOBAL_ACCENT_COLOR_NAME = AccentColor;
				CODE_SIGN_STYLE = Automatic;
				DEVELOPMENT_TEAM = YHNY62HKYP;
				INFOPLIST_FILE = CafeBlogSearchApp/Info.plist;
				LD_RUNPATH_SEARCH_PATHS = (
					"$(inherited)",
					"@executable_path/Frameworks",
				);
				PRODUCT_BUNDLE_IDENTIFIER = "Keem-ym.CafeBlogSearchApp";
				PRODUCT_NAME = "$(TARGET_NAME)";
				SWIFT_VERSION = 5.0;
				TARGETED_DEVICE_FAMILY = "1,2";
			};
			name = Release;
		};
/* End XCBuildConfiguration section */

/* Begin XCConfigurationList section */
		FB2F81FB27846B0F0097788D /* Build configuration list for PBXProject "CafeBlogSearchApp" */ = {
			isa = XCConfigurationList;
			buildConfigurations = (
				FB2F821227846B140097788D /* Debug */,
				FB2F821327846B140097788D /* Release */,
			);
			defaultConfigurationIsVisible = 0;
			defaultConfigurationName = Release;
		};
		FB2F821427846B140097788D /* Build configuration list for PBXNativeTarget "CafeBlogSearchApp" */ = {
			isa = XCConfigurationList;
			buildConfigurations = (
				FB2F821527846B140097788D /* Debug */,
				FB2F821627846B140097788D /* Release */,
			);
			defaultConfigurationIsVisible = 0;
			defaultConfigurationName = Release;
		};
/* End XCConfigurationList section */

/* Begin XCRemoteSwiftPackageReference section */
		FB2F821727846B710097788D /* XCRemoteSwiftPackageReference "RxSwift" */ = {
			isa = XCRemoteSwiftPackageReference;
			repositoryURL = "https://github.com/ReactiveX/RxSwift";
			requirement = {
				kind = upToNextMajorVersion;
				minimumVersion = 6.2.0;
			};
		};
		FB2F821E27846B9A0097788D /* XCRemoteSwiftPackageReference "Kingfisher" */ = {
			isa = XCRemoteSwiftPackageReference;
			repositoryURL = "https://github.com/onevcat/Kingfisher.git";
			requirement = {
				kind = upToNextMajorVersion;
				minimumVersion = 7.1.2;
			};
		};
		FB2F822127846BB60097788D /* XCRemoteSwiftPackageReference "snapkit" */ = {
			isa = XCRemoteSwiftPackageReference;
			repositoryURL = "https://github.com/snapkit/snapkit.git";
			requirement = {
				kind = upToNextMajorVersion;
				minimumVersion = 5.0.1;
			};
		};
/* End XCRemoteSwiftPackageReference section */

/* Begin XCSwiftPackageProductDependency section */
		FB2F821827846B710097788D /* RxSwift */ = {
			isa = XCSwiftPackageProductDependency;
			package = FB2F821727846B710097788D /* XCRemoteSwiftPackageReference "RxSwift" */;
			productName = RxSwift;
		};
		FB2F821A27846B710097788D /* RxCocoa */ = {
			isa = XCSwiftPackageProductDependency;
			package = FB2F821727846B710097788D /* XCRemoteSwiftPackageReference "RxSwift" */;
			productName = RxCocoa;
		};
		FB2F821C27846B710097788D /* RxRelay */ = {
			isa = XCSwiftPackageProductDependency;
			package = FB2F821727846B710097788D /* XCRemoteSwiftPackageReference "RxSwift" */;
			productName = RxRelay;
		};
		FB2F821F27846B9A0097788D /* Kingfisher */ = {
			isa = XCSwiftPackageProductDependency;
			package = FB2F821E27846B9A0097788D /* XCRemoteSwiftPackageReference "Kingfisher" */;
			productName = Kingfisher;
		};
		FB2F822227846BB60097788D /* SnapKit */ = {
			isa = XCSwiftPackageProductDependency;
			package = FB2F822127846BB60097788D /* XCRemoteSwiftPackageReference "snapkit" */;
			productName = SnapKit;
		};
/* End XCSwiftPackageProductDependency section */
	};
	rootObject = FB2F81F827846B0F0097788D /* Project object */;
}
